<?xml version="1.0" encoding="utf-8"?>
<Project ToolsVersion="4.0" xmlns="http://schemas.microsoft.com/developer/msbuild/2003">
  <ItemGroup>
    <Filter Include="源文件">
      <UniqueIdentifier>{4FC737F1-C7A5-4376-A066-2A32D752A2FF}</UniqueIdentifier>
      <Extensions>cpp;c;cc;cxx;c++;cppm;ixx;def;odl;idl;hpj;bat;asm;asmx</Extensions>
    </Filter>
    <Filter Include="头文件">
      <UniqueIdentifier>{93995380-89BD-4b04-88EB-625FBE52EBFB}</UniqueIdentifier>
      <Extensions>h;hh;hpp;hxx;h++;hm;inl;inc;ipp;xsd</Extensions>
    </Filter>
    <Filter Include="资源文件">
      <UniqueIdentifier>{67DA6AB6-F800-4c08-8B7A-83BB121AAD01}</UniqueIdentifier>
      <Extensions>rc;ico;cur;bmp;dlg;rc2;rct;bin;rgs;gif;jpg;jpeg;jpe;resx;tiff;tif;png;wav;mfcribbon-ms</Extensions>
    </Filter>
  </ItemGroup>
  <ItemGroup>
    <ClCompile Include="..\..\..\..\A_课程\高志升_计算机视觉开发技术\OpenCV3-Third-Edition-master\Chapter04\finder.cpp">
      <Filter>源文件</Filter>
    </ClCompile>
    <ClCompile Include="..\..\..\..\A_课程\高志升_计算机视觉开发技术\OpenCV3-Third-Edition-master\Chapter04\integral.cpp">
      <Filter>源文件</Filter>
    </ClCompile>
    <ClCompile Include="..\..\..\..\A_课程\高志升_计算机视觉开发技术\OpenCV3-Third-Edition-master\Chapter04\retrieve.cpp">
      <Filter>源文件</Filter>
    </ClCompile>
    <ClCompile Include="..\..\..\..\A_课程\高志升_计算机视觉开发技术\OpenCV3-Third-Edition-master\Chapter04\contentFinder.cpp">
      <Filter>源文件</Filter>
    </ClCompile>
    <ClCompile Include="..\..\..\..\A_课程\高志升_计算机视觉开发技术\OpenCV3-Third-Edition-master\Chapter04\tracking.cpp">
      <Filter>源文件</Filter>
    </ClCompile>
    <ClCompile Include="..\..\..\..\A_课程\高志升_计算机视觉开发技术\OpenCV3-Third-Edition-master\Chapter04\histograms.cpp">
      <Filter>源文件</Filter>
    </ClCompile>
    <ClCompile Include="..\01 Opencv\461 meanShift.cpp">
      <Filter>源文件</Filter>
    </ClCompile>
    <ClCompile Include="..\01 Opencv\481 积分图.cpp">
      <Filter>源文件</Filter>
    </ClCompile>
    <ClCompile Include="..\01 Opencv\483 自适应.cpp">
      <Filter>源文件</Filter>
    </ClCompile>
    <ClCompile Include="..\01 Opencv\483 视觉追踪.cpp">
      <Filter>源文件</Filter>
    </ClCompile>
    <ClCompile Include="..\01 Opencv\732 霍夫变换.cpp">
      <Filter>源文件</Filter>
    </ClCompile>
    <ClCompile Include="..\01 Opencv\531形态学滤波器.cpp">
      <Filter>源文件</Filter>
    </ClCompile>
    <ClCompile Include="..\01 Opencv\551 分水岭算法.cpp">
      <Filter>源文件</Filter>
    </ClCompile>
    <ClCompile Include="..\01 Opencv\553 标记图像.cpp">
      <Filter>源文件</Filter>
    </ClCompile>
  </ItemGroup>
</Project>